
Microsoft Visual Studio Solution File, Format Version 12.00
# Visual Studio 2013
VisualStudioVersion = 12.0.21005.1
MinimumVisualStudioVersion = 10.0.40219.1
Project("{FAE04EC0-301F-11D3-BF4B-00C04F79EFBC}") = "Calendar", "Calendar\Calendar.csproj", "{35735D6E-2C0A-4B90-9ACD-9F8D4746BE0F}"
EndProject
Global
	GlobalSection(SolutionConfigurationPlatforms) = preSolution
		Debug|Any CPU = Debug|Any CPU
		Release|Any CPU = Release|Any CPU
	EndGlobalSection
	GlobalSection(ProjectConfigurationPlatforms) = postSolution
		{35735D6E-2C0A-4B90-9ACD-9F8D4746BE0F}.Debug|Any CPU.ActiveCfg = Debug|Any CPU
		{35735D6E-2C0A-4B90-9ACD-9F8D4746BE0F}.Debug|Any CPU.Build.0 = Debug|Any CPU
		{35735D6E-2C0A-4B90-9ACD-9F8D4746BE0F}.Release|Any CPU.ActiveCfg = Release|Any CPU
		{35735D6E-2C0A-4B90-9ACD-9F8D4746BE0F}.Release|Any CPU.Build.0 = Release|Any CPU
	EndGlobalSection
	GlobalSection(SolutionProperties) = preSolution
		HideSolutionNode = FALSE
	EndGlobalSection
EndGlobal
